
Microsoft Visual Studio Solution File, Format Version 12.00
# Visual Studio 15
VisualStudioVersion = 15.0.28307.572
MinimumVisualStudioVersion = 10.0.40219.1
Project("{FAE04EC0-301F-11D3-BF4B-00C04F79EFBC}") = "ShaderUtils", "ShaderUtils.csproj", "{2927B365-E622-487F-B0D5-C5A59B688209}"
EndProject
Project("{FAE04EC0-301F-11D3-BF4B-00C04F79EFBC}") = "ShaderSimulator", "..\ShaderSimulator\ShaderSimulator.csproj", "{DEFD3051-7C0D-4401-B26E-28392F6500E6}"
EndProject
Global
	GlobalSection(SolutionConfigurationPlatforms) = preSolution
		Debug|Any CPU = Debug|Any CPU
		Release|Any CPU = Release|Any CPU
	EndGlobalSection
	GlobalSection(ProjectConfigurationPlatforms) = postSolution
		{2927B365-E622-487F-B0D5-C5A59B688209}.Debug|Any CPU.ActiveCfg = Debug|Any CPU
		{2927B365-E622-487F-B0D5-C5A59B688209}.Debug|Any CPU.Build.0 = Debug|Any CPU
		{2927B365-E622-487F-B0D5-C5A59B688209}.Release|Any CPU.ActiveCfg = Release|Any CPU
		{2927B365-E622-487F-B0D5-C5A59B688209}.Release|Any CPU.Build.0 = Release|Any CPU
		{DEFD3051-7C0D-4401-B26E-28392F6500E6}.Debug|Any CPU.ActiveCfg = Debug|Any CPU
		{DEFD3051-7C0D-4401-B26E-28392F6500E6}.Debug|Any CPU.Build.0 = Debug|Any CPU
		{DEFD3051-7C0D-4401-B26E-28392F6500E6}.Release|Any CPU.ActiveCfg = Release|Any CPU
		{DEFD3051-7C0D-4401-B26E-28392F6500E6}.Release|Any CPU.Build.0 = Release|Any CPU
	EndGlobalSection
	GlobalSection(SolutionProperties) = preSolution
		HideSolutionNode = FALSE
	EndGlobalSection
	GlobalSection(ExtensibilityGlobals) = postSolution
		SolutionGuid = {4C29008F-E0A7-4022-90FB-B7ED7ADCD483}
	EndGlobalSection
EndGlobal
